{
  "lockfileVersion": 1,
  "configVersion": 0,
  "workspaces": {
    "": {
      "name": "dust-hive",
      "dependencies": {
        "@clack/prompts": "^0.11.0",
        "cac": "^6.7.14",
        "yaml": "^2.3.0",
        "zod": "^4.3.5",
      },
      "devDependencies": {
        "@types/bun": "latest",
        "oxfmt": "0.71.0",
        "oxlint": "1.86.0",
        "typescript": "^5.0.0",
      },
    },
  },
  "packages": {
    "@clack/core": ["@clack/core@0.5.0", "", { "dependencies": { "picocolors": "^1.0.0", "sisteransi": "^1.0.5" } }, "sha512-p3y0FIOwaYRUPRcMO7+dlmLh8PSRcrjuTndsiA0WAFbWES0mLZlrjVoBRZ9DzkPFJZG6KGkJmoEAY0ZcVWTkow=="],

    "@clack/prompts": ["@clack/prompts@0.11.0", "", { "dependencies": { "@clack/core": "0.5.0", "picocolors": "^1.0.0", "sisteransi": "^1.0.5" } }, "sha512-pMN5FcrEw9hUkZA4f+zLlzivQSeQf5dRGJjSUbvVYDLvpKCdQx5OaknvKzgbtXOizhP+SJJJjqEbOe55uKKfAw=="],

    "@oxfmt/binding-android-arm-eabi": ["@oxfmt/binding-android-arm-eabi@0.71.0", "", { "os": "android", "cpu": "arm" }, "sha512-l31EyBfB4egJeFua11aQFEUE9nnDtfpWCadqQovm0WL30t/yUHtdFl/5HyFXvd5xT8Ewh3U4TI9f30GowrQ1fw=="],

    "@oxfmt/binding-android-arm64": ["@oxfmt/binding-android-arm64@0.71.0", "", { "os": "android", "cpu": "arm64" }, "sha512-E8q39SUZzSXQ08oZoFoTkxRADkdBNgL6De4qgZYr2O4JCunwqrZwAyCebxIF3yVHBafHM30WUkhTkDi+jNYZOw=="],

    "@oxfmt/binding-darwin-arm64": ["@oxfmt/binding-darwin-arm64@0.71.0", "", { "os": "darwin", "cpu": "arm64" }, "sha512-pTteTrN88DicrmJ3DocBmpNDa6Umfh0iveEG8rnAlDFQpclmtDS7hnIvZbIEV9mDO0Ot1U0sjtoJQ1itd/ZMhQ=="],

    "@oxfmt/binding-darwin-x64": ["@oxfmt/binding-darwin-x64@0.71.0", "", { "os": "darwin", "cpu": "x64" }, "sha512-G5melRC3IiNEgXlNKJhSExJYQGAQIppHFp2cl/wFrqQcEwmc4k4TkrHaFTR29SDudjoW5AZq5cXPGJDqtlH/Yg=="],

    "@oxfmt/binding-freebsd-x64": ["@oxfmt/binding-freebsd-x64@0.71.0", "", { "os": "freebsd", "cpu": "x64" }, "sha512-Hb1P5yKb9aiH2VSbm3Ml37mKjzqpunYet9krw/YK7V5JsAUJDQlju3Yk/dEqQvJD/usBvpi01Vbk9ZDNo0a8Cw=="],

    "@oxfmt/binding-linux-arm-gnueabihf": ["@oxfmt/binding-linux-arm-gnueabihf@0.71.0", "", { "os": "linux", "cpu": "arm" }, "sha512-r7n4JEO+rkp0kaP3ia+0hv6FzK3PQIHqaF0jxGuhjJ4JHVX9ZVRbgpDVDW+OloyuJsRWpWFDKIHe8gfl1p/4mQ=="],

    "@oxfmt/binding-linux-arm-musleabihf": ["@oxfmt/binding-linux-arm-musleabihf@0.71.0", "", { "os": "linux", "cpu": "arm" }, "sha512-EEynTF4nakgqDhVCmd3cHQCmTcw0BM8ea6eHigTdtZ3yxdsBNv+dYkt+OpDDZx1n/jzjI7J+Ht7IgkqFWuJUxQ=="],

    "@oxfmt/binding-linux-arm64-gnu": ["@oxfmt/binding-linux-arm64-gnu@0.71.0", "", { "os": "linux", "cpu": "arm64" }, "sha512-7VgJIrywCwR/G6YMv+HqsccUt8Z4q4mbM2xR+Ry/6AeMk4pCmZ9aO4Srd3mmrvVu8PsCZGP7oHEHSXWTmyloaQ=="],

    "@oxfmt/binding-linux-arm64-musl": ["@oxfmt/binding-linux-arm64-musl@0.71.0", "", { "os": "linux", "cpu": "arm64" }, "sha512-AOCaminv/+fhinUXKvtPZT4POhNYmN9GfvaJdgJa1AbvuzClWGwDIXfJg8eu3sYaVL2B68jNvmS7LZGAYa0z3A=="],

    "@oxfmt/binding-linux-ppc64-gnu": ["@oxfmt/binding-linux-ppc64-gnu@0.71.0", "", { "os": "linux", "cpu": "ppc64" }, "sha512-0SHxuaa4QRLM7jfsd8wc6L7KdLg+FR6/ah9k1eAvcrK/Sni7oxchMvsjwUsyakVAta+wBVDkjJTr7/RFU0uUGA=="],

    "@oxfmt/binding-linux-riscv64-gnu": ["@oxfmt/binding-linux-riscv64-gnu@0.71.0", "", { "os": "linux", "cpu": "none" }, "sha512-UNKj1+rPorTK6uSlQzpN96vDNbHbL/63zcpznweo0ImQdkDdtQCS7G3puxX++2cESPKT2B56Y6DICUmFTJde5A=="],

    "@oxfmt/binding-linux-riscv64-musl": ["@oxfmt/binding-linux-riscv64-musl@0.71.0", "", { "os": "linux", "cpu": "none" }, "sha512-5cVXKj7a0mWu7GU6/bZgNyv+KtLgM5S9cnT26Os2/abj8pK/bklHsbdYEHGLLniGjNYkyzwem8mZciPCaDtilw=="],

    "@oxfmt/binding-linux-s390x-gnu": ["@oxfmt/binding-linux-s390x-gnu@0.71.0", "", { "os": "linux", "cpu": "s390x" }, "sha512-lNpcMuZvyU1V/CY5h19hac03m4E4PLSYRckcxZOynSPojI4Mwt6nEu9wT/gVf0bclH3xGEWjwqApnSTgjkd2oA=="],

    "@oxfmt/binding-linux-x64-gnu": ["@oxfmt/binding-linux-x64-gnu@0.71.0", "", { "os": "linux", "cpu": "x64" }, "sha512-5/Z6pUewQpknXqC4/ykK6Zc6RiteAnPem1Ci7K1RZLVF6w6MMjwHjR4vsjijW4Czidgv7HKeVglGjElADliT9w=="],

    "@oxfmt/binding-linux-x64-musl": ["@oxfmt/binding-linux-x64-musl@0.71.0", "", { "os": "linux", "cpu": "x64" }, "sha512-uVdG2N/4GEbOeljpQ+xv+NeEwJWJGj0WaxSiSYnoiqIYy3RWrWd3rGUmxWXP1A8+ferNvvwFoDAtvgsDUvBuSw=="],

    "@oxfmt/binding-openharmony-arm64": ["@oxfmt/binding-openharmony-arm64@0.71.0", "", { "os": "none", "cpu": "arm64" }, "sha512-1LwEZmSDRFKeBaGd/Hgj2xI3SmgGFpF4YtgkSx0sTYdTiZfHWbcFvRIBjL1YiDNdQd9Khda3Ij8CoqBULjskDg=="],

    "@oxfmt/binding-win32-arm64-msvc": ["@oxfmt/binding-win32-arm64-msvc@0.71.0", "", { "os": "win32", "cpu": "arm64" }, "sha512-5tplmkeMXmza3PUptJQy25wCPJbIAg5g5r7zs+DI+7eEYOqbY+7roMdSH2zbDvv1Pb4oTDJ6NWYx9IRxBxXwhQ=="],

    "@oxfmt/binding-win32-ia32-msvc": ["@oxfmt/binding-win32-ia32-msvc@0.71.0", "", { "os": "win32", "cpu": "ia32" }, "sha512-T2LWgh3Vx4PYDjtcqRRGDyCsVxeF/VE5xTpUQiCm65bNLwMpRnJYj6Hlkf6qRM3+jxCIOqHD1kVHNQCCiAVMNQ=="],

    "@oxfmt/binding-win32-x64-msvc": ["@oxfmt/binding-win32-x64-msvc@0.71.0", "", { "os": "win32", "cpu": "x64" }, "sha512-L06SVp7Hu1EQTkh3+PHnKK26dxVbEpOG2InMwCooTE4MA437b5FgfTleCCiGn4ykISHnHU6UHaIg7SiMO7rBHA=="],

    "@oxlint/binding-android-arm-eabi": ["@oxlint/binding-android-arm-eabi@1.86.0", "", { "os": "android", "cpu": "arm" }, "sha512-63Ozq6yQn79B2UxjSZ9huJmI+3/ZPI7hxAe6TyFh9oQL447KnIMoffOdtog+h4KILbQr61ZRvFPW5gYbAUgpgQ=="],

    "@oxlint/binding-android-arm64": ["@oxlint/binding-android-arm64@1.86.0", "", { "os": "android", "cpu": "arm64" }, "sha512-JdLGp44phbf/0Du236Dt06yfK6Qw8xhTFeDvHJdjk167r59OfP5+BL31mgMYVnswS8e+j6tFuccSY0QDC/lgCw=="],

    "@oxlint/binding-darwin-arm64": ["@oxlint/binding-darwin-arm64@1.86.0", "", { "os": "darwin", "cpu": "arm64" }, "sha512-h+vkOr4ik6KLFCXdtNVEj9xfnXfNUpPoF95QjORdhiSpLqQePzcN81kGHjAgsw1/G7WBWK5KsFKbI2UK8EyzMA=="],

    "@oxlint/binding-darwin-x64": ["@oxlint/binding-darwin-x64@1.86.0", "", { "os": "darwin", "cpu": "x64" }, "sha512-wbglRuH5eKsp68keTOOeKDHU1astWSRYFsh2bwKQTAPb44rD6kVgzYI1ZrAJRTc6/7PH55ZXFCQx0rQXrj0UdA=="],

    "@oxlint/binding-freebsd-x64": ["@oxlint/binding-freebsd-x64@1.86.0", "", { "os": "freebsd", "cpu": "x64" }, "sha512-yTQ7QSOlNfQsrfbeVweTiegQJLKPjUKgXp/JpGiFzza6Hp29S9LAoH77TM3L0RjK39iQRZB5lk5iq2t241Mfag=="],

    "@oxlint/binding-linux-arm-gnueabihf": ["@oxlint/binding-linux-arm-gnueabihf@1.86.0", "", { "os": "linux", "cpu": "arm" }, "sha512-QYJGy0E2Tv8GAayyBIeHFTwQb8u+zrvrOYrifuDGZDr9ad5XsDhiMScpZymhS9fwWjqrgG2ZUwT4vpY0ISqp4Q=="],

    "@oxlint/binding-linux-arm-musleabihf": ["@oxlint/binding-linux-arm-musleabihf@1.86.0", "", { "os": "linux", "cpu": "arm" }, "sha512-oQo83CafLT8p3qh0AGkN0tSUIh5Hm63mfDsoqUmBQUBnSZLNBAbyRaAftfGY5a0cKZ34dG6jAtMYgcY5kZqt5g=="],

    "@oxlint/binding-linux-arm64-gnu": ["@oxlint/binding-linux-arm64-gnu@1.86.0", "", { "os": "linux", "cpu": "arm64" }, "sha512-EM6wy5c2UM12qPb7iDJDBAZvHyfEJGH6iosFgaFiaRZpirz99//EHcUyD2KAskz07x1TULuiAtsojf4nvWWksw=="],

    "@oxlint/binding-linux-arm64-musl": ["@oxlint/binding-linux-arm64-musl@1.86.0", "", { "os": "linux", "cpu": "arm64" }, "sha512-vCiUQb9ZNzZalxYRU4mlZwUqT5f+c7Sk9DwUOplWHtik3Dl4r3DVnUB5tBeRuTAUe6MUVCTylNW7TkkN8J1oTw=="],

    "@oxlint/binding-linux-ppc64-gnu": ["@oxlint/binding-linux-ppc64-gnu@1.86.0", "", { "os": "linux", "cpu": "ppc64" }, "sha512-T0AzE89yjTYmOhB/hb6i+rWTpe2mYt+xiguBhs9DEPIJTZ1H8OYqsE4VxJHHw2Wlq8Mztwvp2P8NV87ZOuhPRw=="],

    "@oxlint/binding-linux-riscv64-gnu": ["@oxlint/binding-linux-riscv64-gnu@1.86.0", "", { "os": "linux", "cpu": "none" }, "sha512-s49r0K2f5Oc7fJoMUO1WkdhYK5Ob79uYRwWQ/XNoGysaOq3RUGmGUbHSuXiyydTTA+P9xEdDEnnlZVXiaSJhlw=="],

    "@oxlint/binding-linux-riscv64-musl": ["@oxlint/binding-linux-riscv64-musl@1.86.0", "", { "os": "linux", "cpu": "none" }, "sha512-JIa2tYR8ayb3nvcMSZzn4O/xTy13S7MHllu7cBD+B5qDQXXSRy/Vwk1aNpiTjZmBJGwKCHOy/NvnY5Xcwg27uQ=="],

    "@oxlint/binding-linux-s390x-gnu": ["@oxlint/binding-linux-s390x-gnu@1.86.0", "", { "os": "linux", "cpu": "s390x" }, "sha512-XwXMyBsAuWZkhZU74UNcfQKr1CJJAKnS80dZzOnjl6A4fKcf91IjFgidegQugMHA5SN8ulwDXEDV1yPntjXgQQ=="],

    "@oxlint/binding-linux-x64-gnu": ["@oxlint/binding-linux-x64-gnu@1.86.0", "", { "os": "linux", "cpu": "x64" }, "sha512-C1WjukSyMnr66b+w1/tV8RFVv6d9v0MzDf4p9IxVXknqgmTHBgZh1pccN1eHzFr0b9Tbb3OXoPsAAdAuHAQfeA=="],

    "@oxlint/binding-linux-x64-musl": ["@oxlint/binding-linux-x64-musl@1.86.0", "", { "os": "linux", "cpu": "x64" }, "sha512-ap6KLmvC38c6MdYzsIh25cXQupqYvjd37tMNftzrX1DCtkX1Gcf2B+S2B17dD4lKa5c5gJog7DQJyDo82PBKyw=="],

    "@oxlint/binding-openharmony-arm64": ["@oxlint/binding-openharmony-arm64@1.86.0", "", { "os": "none", "cpu": "arm64" }, "sha512-996Q9w/2GLwNyy5Djs39Jt09aFlr4b7TPhoj7dvo5FHmcyiF68nPz73HNc5UAYKIYeK+M9JzPQ4Wg1r1dXvP6A=="],

    "@oxlint/binding-win32-arm64-msvc": ["@oxlint/binding-win32-arm64-msvc@1.86.0", "", { "os": "win32", "cpu": "arm64" }, "sha512-9uTCHYTknNkug5+46ViSoUMuOuGWK61D87QnblU6CXaWKJC630Z7dbls61vdHxya/cR2ycQZ6Mm6ckgF6Cag5g=="],

    "@oxlint/binding-win32-ia32-msvc": ["@oxlint/binding-win32-ia32-msvc@1.86.0", "", { "os": "win32", "cpu": "ia32" }, "sha512-a47ga7EKVfMU8rO0i1m3mGwfNRj3FhQyt1d/ukO/E9u1HHF3KpR3tyb3VhuJBGEVPF8uR4exSyHUyx7xbE+uxw=="],

    "@oxlint/binding-win32-x64-msvc": ["@oxlint/binding-win32-x64-msvc@1.86.0", "", { "os": "win32", "cpu": "x64" }, "sha512-az4dzifCRzES1crwu6pDFXzJTIanrdxXFL9TbiJWrx9LKcuacbR83aPvxDA1LKLNswi/RoqitC7Afcflhu3zBQ=="],

    "@types/bun": ["@types/bun@1.3.5", "", { "dependencies": { "bun-types": "1.3.5" } }, "sha512-RnygCqNrd3srIPEWBd5LFeUYG7plCoH2Yw9WaZGyNmdTEei+gWaHqydbaIRkIkcbXwhBT94q78QljxN0Sk838w=="],

    "@types/node": ["@types/node@25.0.3", "", { "dependencies": { "undici-types": "~7.16.0" } }, "sha512-W609buLVRVmeW693xKfzHeIV6nJGGz98uCPfeXI1ELMLXVeKYZ9m15fAMSaUPBHYLGFsVRcMmSCksQOrZV9BYA=="],

    "bun-types": ["bun-types@1.3.5", "", { "dependencies": { "@types/node": "*" } }, "sha512-inmAYe2PFLs0SUbFOWSVD24sg1jFlMPxOjOSSCYqUgn4Hsc3rDc7dFvfVYjFPNHtov6kgUeulV4SxbuIV/stPw=="],

    "cac": ["cac@6.7.14", "", {}, "sha512-b6Ilus+c3RrdDk+JhLKUAQfzzgLEPy6wcXqS7f/xe1EETvsDP6GORG7SFuOs6cID5YkqchW/LXZbX5bc8j7ZcQ=="],

    "oxfmt": ["oxfmt@0.71.0", "", { "dependencies": { "tinypool": "2.2.0" }, "optionalDependencies": { "@oxfmt/binding-android-arm-eabi": "0.71.0", "@oxfmt/binding-android-arm64": "0.71.0", "@oxfmt/binding-darwin-arm64": "0.71.0", "@oxfmt/binding-darwin-x64": "0.71.0", "@oxfmt/binding-freebsd-x64": "0.71.0", "@oxfmt/binding-linux-arm-gnueabihf": "0.71.0", "@oxfmt/binding-linux-arm-musleabihf": "0.71.0", "@oxfmt/binding-linux-arm64-gnu": "0.71.0", "@oxfmt/binding-linux-arm64-musl": "0.71.0", "@oxfmt/binding-linux-ppc64-gnu": "0.71.0", "@oxfmt/binding-linux-riscv64-gnu": "0.71.0", "@oxfmt/binding-linux-riscv64-musl": "0.71.0", "@oxfmt/binding-linux-s390x-gnu": "0.71.0", "@oxfmt/binding-linux-x64-gnu": "0.71.0", "@oxfmt/binding-linux-x64-musl": "0.71.0", "@oxfmt/binding-openharmony-arm64": "0.71.0", "@oxfmt/binding-win32-arm64-msvc": "0.71.0", "@oxfmt/binding-win32-ia32-msvc": "0.71.0", "@oxfmt/binding-win32-x64-msvc": "0.71.0" }, "peerDependencies": { "svelte": "^5.0.0", "vite-plus": "*" }, "optionalPeers": ["svelte", "vite-plus"], "bin": { "oxfmt": "bin/oxfmt" } }, "sha512-lUPUl0d/+Io5pDrsPXWs6rB4N/bpB78oj9CTDpnbulfDz+0r3XXcHPlQ7kRPJ2GjIT4nX+/mcqunOeP9BvsEtg=="],

    "oxlint": ["oxlint@1.86.0", "", { "optionalDependencies": { "@oxlint/binding-android-arm-eabi": "1.86.0", "@oxlint/binding-android-arm64": "1.86.0", "@oxlint/binding-darwin-arm64": "1.86.0", "@oxlint/binding-darwin-x64": "1.86.0", "@oxlint/binding-freebsd-x64": "1.86.0", "@oxlint/binding-linux-arm-gnueabihf": "1.86.0", "@oxlint/binding-linux-arm-musleabihf": "1.86.0", "@oxlint/binding-linux-arm64-gnu": "1.86.0", "@oxlint/binding-linux-arm64-musl": "1.86.0", "@oxlint/binding-linux-ppc64-gnu": "1.86.0", "@oxlint/binding-linux-riscv64-gnu": "1.86.0", "@oxlint/binding-linux-riscv64-musl": "1.86.0", "@oxlint/binding-linux-s390x-gnu": "1.86.0", "@oxlint/binding-linux-x64-gnu": "1.86.0", "@oxlint/binding-linux-x64-musl": "1.86.0", "@oxlint/binding-openharmony-arm64": "1.86.0", "@oxlint/binding-win32-arm64-msvc": "1.86.0", "@oxlint/binding-win32-ia32-msvc": "1.86.0", "@oxlint/binding-win32-x64-msvc": "1.86.0" }, "peerDependencies": { "oxlint-tsgolint": ">=7.0.2003", "vite-plus": "*" }, "optionalPeers": ["oxlint-tsgolint", "vite-plus"], "bin": { "oxlint": "bin/oxlint" } }, "sha512-og0lhgvZfgGF//gOOmZXvtr+GmBbAGEnbEhv/QUg7UW2Wi4wHMnJbnMD+zuHgPdJxdklfgpPupdlAaAySyxrZg=="],

    "picocolors": ["picocolors@1.1.1", "", {}, "sha512-xceH2snhtb5M9liqDsmEw56le376mTZkEX/jEb/RxNFyegNul7eNslCXP9FDj/Lcu0X8KEyMceP2ntpaHrDEVA=="],

    "sisteransi": ["sisteransi@1.0.5", "", {}, "sha512-bLGGlR1QxBcynn2d5YmDX4MGjlZvy2MRBDRNHLJ8VI6l6+9FUiyTFNJ0IveOSP0bcXgVDPRcfGqA0pjaqUpfVg=="],

    "tinypool": ["tinypool@2.2.0", "", {}, "sha512-jBrmx4lYmaC9k/mgPbylxs7kBUxHtD8256up+HjLaDFfXScKJQyil+SWXSvhAtT7XHo+yTVlpB81PGmHP8oLSQ=="],

    "typescript": ["typescript@5.9.3", "", { "bin": { "tsc": "bin/tsc", "tsserver": "bin/tsserver" } }, "sha512-jl1vZzPDinLr9eUt3J/t7V6FgNEw9QjvBPdysz9KfQDD41fQrC2Y4vKQdiaUpFT4bXlb1RHhLpp8wtm6M5TgSw=="],

    "undici-types": ["undici-types@7.16.0", "", {}, "sha512-Zz+aZWSj8LE6zoxD+xrjh4VfkIG8Ya6LvYkZqtUQGJPZjYl53ypCaUwWqo7eI0x66KBGeRo+mlBEkMSeSZ38Nw=="],

    "yaml": ["yaml@2.8.2", "", { "bin": { "yaml": "bin.mjs" } }, "sha512-mplynKqc1C2hTVYxd0PU2xQAc22TI1vShAYGksCCfxbn/dFwnHTNi1bvYsBTkhdUNtGIf5xNOg938rrSSYvS9A=="],

    "zod": ["zod@4.3.5", "", {}, "sha512-k7Nwx6vuWx1IJ9Bjuf4Zt1PEllcwe7cls3VNzm4CQ1/hgtFUK2bRNG3rvnpPUhFjmqJKAKtjV576KnUkHocg/g=="],
  }
}
