{
  "name": "@dust-tt/sandbox-benchmark-run-cloud",
  "version": "0.0.0",
  "lockfileVersion": 3,
  "requires": true,
  "packages": {
    "": {
      "name": "@dust-tt/sandbox-benchmark-run-cloud",
      "version": "0.0.0",
      "license": "UNLICENSED",
      "dependencies": {
        "@run-cloud/sdk": "0.8.0"
      }
    },
    "node_modules/@run-cloud/sdk": {
      "version": "0.8.0",
      "resolved": "https://registry.npmjs.org/@run-cloud/sdk/-/sdk-0.8.0.tgz",
      "integrity": "sha512-GewA2LqlMGLX50yWRkA/cOE5JGuqf3H9n8cC5aY72Hkr2ndtuGltM/tI4qg47ZpdhOgbLKqIxWZ5mphxd0r/6A==",
      "license": "MIT",
      "dependencies": {
        "ws": "^8.21.0"
      },
      "engines": {
        "node": ">=20"
      }
    },
    "node_modules/ws": {
      "version": "8.21.1",
      "resolved": "https://registry.npmjs.org/ws/-/ws-8.21.1.tgz",
      "integrity": "sha512-+0NTnW77fFN/DjQi6k/Sq/Yvk4Sgajw7urW8V+asjXnRgDs9gyGkdb7EzgfhA4goXsRIZKE28fzIXBHEzhuiWw==",
      "license": "MIT",
      "engines": {
        "node": ">=10.0.0"
      },
      "peerDependencies": {
        "bufferutil": "^4.0.1",
        "utf-8-validate": ">=5.0.2"
      },
      "peerDependenciesMeta": {
        "bufferutil": {
          "optional": true
        },
        "utf-8-validate": {
          "optional": true
        }
      }
    }
  }
}
